// !$*UTF8*$!
{
	archiveVersion = 1;
	classes = {
	};
	objectVersion = 56;
	objects = {

/* Begin PBXBuildFile section */
		0EA62CC72F7D73C300376C27 /* hello_world.asm in Sources */ = {isa = PBXBuildFile; fileRef = 0EA62C732F7D73C200376C27 /* hello_world.asm */; };
		0EA62CC82F7D73C300376C27 /* aes_simple.c in Sources */ = {isa = PBXBuildFile; fileRef = 0EA62C7E2F7D73C200376C27 /* aes_simple.c */; };
		0EA62CC92F7D73C300376C27 /* sha256_impl.c in Sources */ = {isa = PBXBuildFile; fileRef = 0EA62C7F2F7D73C200376C27 /* sha256_impl.c */; };
		0EA62CCA2F7D73C300376C27 /* tls_prf.c in Sources */ = {isa = PBXBuildFile; fileRef = 0EA62C802F7D73C200376C27 /* tls_prf.c */; };
		0EA62CCB2F7D73C300376C27 /* hex_editor.c in Sources */ = {isa = PBXBuildFile; fileRef = 0EA62C832F7D73C200376C27 /* hex_editor.c */; };
		0EA62CCC2F7D73C300376C27 /* simple_tls.c in Sources */ = {isa = PBXBuildFile; fileRef = 0EA62C852F7D73C200376C27 /* simple_tls.c */; };
		0EA62CCD2F7D73C300376C27 /* ai_interface.c in Sources */ = {isa = PBXBuildFile; fileRef = 0EA62C882F7D73C200376C27 /* ai_interface.c */; };
		0EA62CCE2F7D73C400376C27 /* ai_tcp.c in Sources */ = {isa = PBXBuildFile; fileRef = 0EA62C892F7D73C200376C27 /* ai_tcp.c */; };
		0EA62CCF2F7D73C400376C27 /* ai_proxy.c in Sources */ = {isa = PBXBuildFile; fileRef = 0EA62C8C2F7D73C200376C27 /* ai_proxy.c */; };
		0EA62CD02F7D73C400376C27 /* ai_integration.c in Sources */ = {isa = PBXBuildFile; fileRef = 0EA62C8D2F7D73C200376C27 /* ai_integration.c */; };
		0EA62CD12F7D73C400376C27 /* ai_main.c in Sources */ = {isa = PBXBuildFile; fileRef = 0EA62C8F2F7D73C200376C27 /* ai_main.c */; };
		0EA62CD22F7D73C400376C27 /* ai_main_new.c in Sources */ = {isa = PBXBuildFile; fileRef = 0EA62C902F7D73C200376C27 /* ai_main_new.c */; };
		0EA62CD32F7D73C400376C27 /* main.c in Sources */ = {isa = PBXBuildFile; fileRef = 0EA62C912F7D73C200376C27 /* main.c */; };
		0EA62CD42F7D73C400376C27 /* Makefile in Sources */ = {isa = PBXBuildFile; fileRef = 0EA62C942F7D73C200376C27 /* Makefile */; };
		0EA62CD52F7D73C400376C27 /* hex_editor.o in Frameworks */ = {isa = PBXBuildFile; fileRef = 0EA62CA82F7D73C300376C27 /* hex_editor.o */; };
		0EA62CD62F7D73C400376C27 /* ai_proxy.o in Frameworks */ = {isa = PBXBuildFile; fileRef = 0EA62CAA2F7D73C300376C27 /* ai_proxy.o */; };
		0EA62CD72F7D73C400376C27 /* ai_integration.o in Frameworks */ = {isa = PBXBuildFile; fileRef = 0EA62CAB2F7D73C300376C27 /* ai_integration.o */; };
		0EA62CD82F7D73C400376C27 /* ai_tcp.o in Frameworks */ = {isa = PBXBuildFile; fileRef = 0EA62CAC2F7D73C300376C27 /* ai_tcp.o */; };
		0EA62CD92F7D73C400376C27 /* ai_main_new.o in Frameworks */ = {isa = PBXBuildFile; fileRef = 0EA62CAE2F7D73C300376C27 /* ai_main_new.o */; };
/* End PBXBuildFile section */

/* Begin PBXCopyFilesBuildPhase section */
		0EA62C1C2F7CF52500376C27 /* CopyFiles */ = {
			isa = PBXCopyFilesBuildPhase;
			buildActionMask = 2147483647;
			dstPath = /usr/share/man/man1/;
			dstSubfolderSpec = 0;
			files = (
			);
			runOnlyForDeploymentPostprocessing = 1;
		};
/* End PBXCopyFilesBuildPhase section */

/* Begin PBXFileReference section */
		0EA62C1E2F7CF52500376C27 /* binary */ = {isa = PBXFileReference; explicitFileType = "compiled.mach-o.executable"; includeInIndex = 0; path = binary; sourceTree = BUILT_PRODUCTS_DIR; };
		0EA62C682F7D73C200376C27 /* test_debug_input.txt */ = {isa = PBXFileReference; fileEncoding = 4; lastKnownFileType = text; path = test_debug_input.txt; sourceTree = "<group>"; };
		0EA62C6D2F7D73C200376C27 /* README.md */ = {isa = PBXFileReference; fileEncoding = 4; lastKnownFileType = net.daringfireball.markdown; path = README.md; sourceTree = "<group>"; };
		0EA62C6F2F7D73C200376C27 /* overview.md */ = {isa = PBXFileReference; fileEncoding = 4; lastKnownFileType = net.daringfireball.markdown; path = overview.md; sourceTree = "<group>"; };
		0EA62C702F7D73C200376C27 /* README.md */ = {isa = PBXFileReference; fileEncoding = 4; lastKnownFileType = net.daringfireball.markdown; path = README.md; sourceTree = "<group>"; };
		0EA62C732F7D73C200376C27 /* hello_world.asm */ = {isa = PBXFileReference; lastKnownFileType = sourcecode.asm.asm; path = hello_world.asm; sourceTree = "<group>"; };
		0EA62C742F7D73C200376C27 /* build.sh */ = {isa = PBXFileReference; fileEncoding = 4; lastKnownFileType = text.script.sh; path = build.sh; sourceTree = "<group>"; };
		0EA62C752F7D73C200376C27 /* boot.bin */ = {isa = PBXFileReference; lastKnownFileType = archive.macbinary; path = boot.bin; sourceTree = "<group>"; };
		0EA62C782F7D73C200376C27 /* README.md */ = {isa = PBXFileReference; fileEncoding = 4; lastKnownFileType = net.daringfireball.markdown; path = README.md; sourceTree = "<group>"; };
		0EA62C7B2F7D73C200376C27 /* syscalls_x86_64.md */ = {isa = PBXFileReference; fileEncoding = 4; lastKnownFileType = net.daringfireball.markdown; path = syscalls_x86_64.md; sourceTree = "<group>"; };
		0EA62C7E2F7D73C200376C27 /* aes_simple.c */ = {isa = PBXFileReference; fileEncoding = 4; lastKnownFileType = sourcecode.c.c; path = aes_simple.c; sourceTree = "<group>"; };
		0EA62C7F2F7D73C200376C27 /* sha256_impl.c */ = {isa = PBXFileReference; fileEncoding = 4; lastKnownFileType = sourcecode.c.c; path = sha256_impl.c; sourceTree = "<group>"; };
		0EA62C802F7D73C200376C27 /* tls_prf.c */ = {isa = PBXFileReference; fileEncoding = 4; lastKnownFileType = sourcecode.c.c; path = tls_prf.c; sourceTree = "<group>"; };
		0EA62C822F7D73C200376C27 /* hex_editor.h */ = {isa = PBXFileReference; fileEncoding = 4; lastKnownFileType = sourcecode.c.h; path = hex_editor.h; sourceTree = "<group>"; };
		0EA62C832F7D73C200376C27 /* hex_editor.c */ = {isa = PBXFileReference; fileEncoding = 4; lastKnownFileType = sourcecode.c.c; path = hex_editor.c; sourceTree = "<group>"; };
		0EA62C852F7D73C200376C27 /* simple_tls.c */ = {isa = PBXFileReference; fileEncoding = 4; lastKnownFileType = sourcecode.c.c; path = simple_tls.c; sourceTree = "<group>"; };
		0EA62C862F7D73C200376C27 /* mini_tls.h */ = {isa = PBXFileReference; fileEncoding = 4; lastKnownFileType = sourcecode.c.h; path = mini_tls.h; sourceTree = "<group>"; };
		0EA62C882F7D73C200376C27 /* ai_interface.c */ = {isa = PBXFileReference; fileEncoding = 4; lastKnownFileType = sourcecode.c.c; path = ai_interface.c; sourceTree = "<group>"; };
		0EA62C892F7D73C200376C27 /* ai_tcp.c */ = {isa = PBXFileReference; fileEncoding = 4; lastKnownFileType = sourcecode.c.c; path = ai_tcp.c; sourceTree = "<group>"; };
		0EA62C8A2F7D73C200376C27 /* ai_integration.h */ = {isa = PBXFileReference; fileEncoding = 4; lastKnownFileType = sourcecode.c.h; path = ai_integration.h; sourceTree = "<group>"; };
		0EA62C8B2F7D73C200376C27 /* ai_interface.h */ = {isa = PBXFileReference; fileEncoding = 4; lastKnownFileType = sourcecode.c.h; path = ai_interface.h; sourceTree = "<group>"; };
		0EA62C8C2F7D73C200376C27 /* ai_proxy.c */ = {isa = PBXFileReference; fileEncoding = 4; lastKnownFileType = sourcecode.c.c; path = ai_proxy.c; sourceTree = "<group>"; };
		0EA62C8D2F7D73C200376C27 /* ai_integration.c */ = {isa = PBXFileReference; fileEncoding = 4; lastKnownFileType = sourcecode.c.c; path = ai_integration.c; sourceTree = "<group>"; };
		0EA62C8F2F7D73C200376C27 /* ai_main.c */ = {isa = PBXFileReference; fileEncoding = 4; lastKnownFileType = sourcecode.c.c; path = ai_main.c; sourceTree = "<group>"; };
		0EA62C902F7D73C200376C27 /* ai_main_new.c */ = {isa = PBXFileReference; fileEncoding = 4; lastKnownFileType = sourcecode.c.c; path = ai_main_new.c; sourceTree = "<group>"; };
		0EA62C912F7D73C200376C27 /* main.c */ = {isa = PBXFileReference; fileEncoding = 4; lastKnownFileType = sourcecode.c.c; path = main.c; sourceTree = "<group>"; };
		0EA62C922F7D73C200376C27 /* test_input.txt */ = {isa = PBXFileReference; fileEncoding = 4; lastKnownFileType = text; path = test_input.txt; sourceTree = "<group>"; };
		0EA62C932F7D73C200376C27 /* LICENSE */ = {isa = PBXFileReference; fileEncoding = 4; lastKnownFileType = text; path = LICENSE; sourceTree = "<group>"; };
		0EA62C942F7D73C200376C27 /* Makefile */ = {isa = PBXFileReference; fileEncoding = 4; lastKnownFileType = sourcecode.make; path = Makefile; sourceTree = "<group>"; };
		0EA62C952F7D73C200376C27 /* quick_ai_test.sh */ = {isa = PBXFileReference; fileEncoding = 4; lastKnownFileType = text.script.sh; path = quick_ai_test.sh; sourceTree = "<group>"; };
		0EA62C962F7D73C200376C27 /* update_release.py */ = {isa = PBXFileReference; fileEncoding = 4; lastKnownFileType = text.script.python; path = update_release.py; sourceTree = "<group>"; };
		0EA62C972F7D73C200376C27 /* RELEASE_BILINGUAL.md */ = {isa = PBXFileReference; fileEncoding = 4; lastKnownFileType = net.daringfireball.markdown; path = RELEASE_BILINGUAL.md; sourceTree = "<group>"; };
		0EA62C982F7D73C200376C27 /* quick_test.sh */ = {isa = PBXFileReference; fileEncoding = 4; lastKnownFileType = text.script.sh; path = quick_test.sh; sourceTree = "<group>"; };
		0EA62C992F7D73C200376C27 /* manual_test.txt */ = {isa = PBXFileReference; fileEncoding = 4; lastKnownFileType = text; path = manual_test.txt; sourceTree = "<group>"; };
		0EA62C9B2F7D73C200376C27 /* proxy_server.py */ = {isa = PBXFileReference; fileEncoding = 4; lastKnownFileType = text.script.python; path = proxy_server.py; sourceTree = "<group>"; };
		0EA62C9C2F7D73C200376C27 /* ai_bin_editor */ = {isa = PBXFileReference; lastKnownFileType = "compiled.mach-o.executable"; path = ai_bin_editor; sourceTree = "<group>"; };
		0EA62C9D2F7D73C200376C27 /* quick_github_setup.sh */ = {isa = PBXFileReference; fileEncoding = 4; lastKnownFileType = text.script.sh; path = quick_github_setup.sh; sourceTree = "<group>"; };
		0EA62C9E2F7D73C200376C27 /* test_simple_tls */ = {isa = PBXFileReference; lastKnownFileType = "compiled.mach-o.executable"; path = test_simple_tls; sourceTree = "<group>"; };
		0EA62C9F2F7D73C200376C27 /* ai_test.bin */ = {isa = PBXFileReference; lastKnownFileType = archive.macbinary; path = ai_test.bin; sourceTree = "<group>"; };
		0EA62CA02F7D73C200376C27 /* test_tcp */ = {isa = PBXFileReference; lastKnownFileType = "compiled.mach-o.executable"; path = test_tcp; sourceTree = "<group>"; };
		0EA62CA12F7D73C200376C27 /* RELEASE_CN.md */ = {isa = PBXFileReference; fileEncoding = 4; lastKnownFileType = net.daringfireball.markdown; path = RELEASE_CN.md; sourceTree = "<group>"; };
		0EA62CA22F7D73C200376C27 /* test_binary.bin */ = {isa = PBXFileReference; lastKnownFileType = archive.macbinary; path = test_binary.bin; sourceTree = "<group>"; };
		0EA62CA32F7D73C200376C27 /* fix_paths.sh */ = {isa = PBXFileReference; fileEncoding = 4; lastKnownFileType = text.script.sh; path = fix_paths.sh; sourceTree = "<group>"; };
		0EA62CA42F7D73C300376C27 /* test_crypto */ = {isa = PBXFileReference; lastKnownFileType = "compiled.mach-o.executable"; path = test_crypto; sourceTree = "<group>"; };
		0EA62CA52F7D73C300376C27 /* test_nlp */ = {isa = PBXFileReference; lastKnownFileType = "compiled.mach-o.executable"; path = test_nlp; sourceTree = "<group>"; };
		0EA62CA82F7D73C300376C27 /* hex_editor.o */ = {isa = PBXFileReference; lastKnownFileType = "compiled.mach-o.objfile"; path = hex_editor.o; sourceTree = "<group>"; };
		0EA62CAA2F7D73C300376C27 /* ai_proxy.o */ = {isa = PBXFileReference; lastKnownFileType = "compiled.mach-o.objfile"; path = ai_proxy.o; sourceTree = "<group>"; };
		0EA62CAB2F7D73C300376C27 /* ai_integration.o */ = {isa = PBXFileReference; lastKnownFileType = "compiled.mach-o.objfile"; path = ai_integration.o; sourceTree = "<group>"; };
		0EA62CAC2F7D73C300376C27 /* ai_tcp.o */ = {isa = PBXFileReference; lastKnownFileType = "compiled.mach-o.objfile"; path = ai_tcp.o; sourceTree = "<group>"; };
		0EA62CAE2F7D73C300376C27 /* ai_main_new.o */ = {isa = PBXFileReference; lastKnownFileType = "compiled.mach-o.objfile"; path = ai_main_new.o; sourceTree = "<group>"; };
		0EA62CAF2F7D73C300376C27 /* test_ai_parse */ = {isa = PBXFileReference; lastKnownFileType = "compiled.mach-o.executable"; path = test_ai_parse; sourceTree = "<group>"; };
		0EA62CB02F7D73C300376C27 /* fix_xcode_project.py */ = {isa = PBXFileReference; fileEncoding = 4; lastKnownFileType = text.script.python; path = fix_xcode_project.py; sourceTree = "<group>"; };
		0EA62CB12F7D73C300376C27 /* CONTRIBUTORS.md */ = {isa = PBXFileReference; fileEncoding = 4; lastKnownFileType = net.daringfireball.markdown; path = CONTRIBUTORS.md; sourceTree = "<group>"; };
		0EA62CB32F7D73C300376C27 /* test.bin */ = {isa = PBXFileReference; lastKnownFileType = archive.macbinary; path = test.bin; sourceTree = "<group>"; };
		0EA62CB42F7D73C300376C27 /* README.md */ = {isa = PBXFileReference; fileEncoding = 4; lastKnownFileType = net.daringfireball.markdown; path = README.md; sourceTree = "<group>"; };
		0EA62CB52F7D73C300376C27 /* CONTRIBUTING.md */ = {isa = PBXFileReference; fileEncoding = 4; lastKnownFileType = net.daringfireball.markdown; path = CONTRIBUTING.md; sourceTree = "<group>"; };
		0EA62CB62F7D73C300376C27 /* release_notes.md */ = {isa = PBXFileReference; fileEncoding = 4; lastKnownFileType = net.daringfireball.markdown; path = release_notes.md; sourceTree = "<group>"; };
		0EA62CB72F7D73C300376C27 /* RELEASE_EN.md */ = {isa = PBXFileReference; fileEncoding = 4; lastKnownFileType = net.daringfireball.markdown; path = RELEASE_EN.md; sourceTree = "<group>"; };
		0EA62CB82F7D73C300376C27 /* test_ai_integration.bin */ = {isa = PBXFileReference; lastKnownFileType = archive.macbinary; path = test_ai_integration.bin; sourceTree = "<group>"; };
		0EA62CB92F7D73C300376C27 /* test_file.bin */ = {isa = PBXFileReference; lastKnownFileType = archive.macbinary; path = test_file.bin; sourceTree = "<group>"; };
		0EA62CBA2F7D73C300376C27 /* setup_github.sh */ = {isa = PBXFileReference; fileEncoding = 4; lastKnownFileType = text.script.sh; path = setup_github.sh; sourceTree = "<group>"; };
		0EA62CBB2F7D73C300376C27 /* test_tls_basic */ = {isa = PBXFileReference; lastKnownFileType = "compiled.mach-o.executable"; path = test_tls_basic; sourceTree = "<group>"; };
		0EA62CBC2F7D73C300376C27 /* simple_release.md */ = {isa = PBXFileReference; fileEncoding = 4; lastKnownFileType = net.daringfireball.markdown; path = simple_release.md; sourceTree = "<group>"; };
		0EA62CBD2F7D73C300376C27 /* test_our_https */ = {isa = PBXFileReference; lastKnownFileType = "compiled.mach-o.executable"; path = test_our_https; sourceTree = "<group>"; };
		0EA62CBF2F7D73C300376C27 /* PROJECT_SUMMARY.md */ = {isa = PBXFileReference; fileEncoding = 4; lastKnownFileType = net.daringfireball.markdown; path = PROJECT_SUMMARY.md; sourceTree = "<group>"; };
		0EA62CC02F7D73C300376C27 /* PROJECT_STRUCTURE.md */ = {isa = PBXFileReference; fileEncoding = 4; lastKnownFileType = net.daringfireball.markdown; path = PROJECT_STRUCTURE.md; sourceTree = "<group>"; };
		0EA62CC12F7D73C300376C27 /* AI_INTEGRATION.md */ = {isa = PBXFileReference; fileEncoding = 4; lastKnownFileType = net.daringfireball.markdown; path = AI_INTEGRATION.md; sourceTree = "<group>"; };
		0EA62CC22F7D73C300376C27 /* README.md */ = {isa = PBXFileReference; fileEncoding = 4; lastKnownFileType = net.daringfireball.markdown; path = README.md; sourceTree = "<group>"; };
		0EA62CC32F7D73C300376C27 /* TECHNICAL_DOCUMENTATION.md */ = {isa = PBXFileReference; fileEncoding = 4; lastKnownFileType = net.daringfireball.markdown; path = TECHNICAL_DOCUMENTATION.md; sourceTree = "<group>"; };
		0EA62CC42F7D73C300376C27 /* AI_USAGE.md */ = {isa = PBXFileReference; fileEncoding = 4; lastKnownFileType = net.daringfireball.markdown; path = AI_USAGE.md; sourceTree = "<group>"; };
		0EA62CC52F7D73C300376C27 /* publish_release.sh */ = {isa = PBXFileReference; fileEncoding = 4; lastKnownFileType = text.script.sh; path = publish_release.sh; sourceTree = "<group>"; };
		0EA62CC62F7D73C300376C27 /* create_release.py */ = {isa = PBXFileReference; fileEncoding = 4; lastKnownFileType = text.script.python; path = create_release.py; sourceTree = "<group>"; };
/* End PBXFileReference section */

/* Begin PBXFrameworksBuildPhase section */
		0EA62C1B2F7CF52500376C27 /* Frameworks */ = {
			isa = PBXFrameworksBuildPhase;
			buildActionMask = 2147483647;
			files = (
				0EA62CD62F7D73C400376C27 /* ai_proxy.o in Frameworks */,
				0EA62CD92F7D73C400376C27 /* ai_main_new.o in Frameworks */,
				0EA62CD82F7D73C400376C27 /* ai_tcp.o in Frameworks */,
				0EA62CD52F7D73C400376C27 /* hex_editor.o in Frameworks */,
				0EA62CD72F7D73C400376C27 /* ai_integration.o in Frameworks */,
			);
			runOnlyForDeploymentPostprocessing = 0;
		};
/* End PBXFrameworksBuildPhase section */

/* Begin PBXGroup section */
		0EA62C152F7CF52500376C27 = {
			isa = PBXGroup;
			children = (
				0EA62C9C2F7D73C200376C27 /* ai_bin_editor */,
				0EA62C9F2F7D73C200376C27 /* ai_test.bin */,
				0EA62CB52F7D73C300376C27 /* CONTRIBUTING.md */,
				0EA62CB12F7D73C300376C27 /* CONTRIBUTORS.md */,
				0EA62CC62F7D73C300376C27 /* create_release.py */,
				0EA62CBE2F7D73C300376C27 /* docs */,
				0EA62CB22F7D73C300376C27 /* examples */,
				0EA62CA32F7D73C200376C27 /* fix_paths.sh */,
				0EA62CB02F7D73C300376C27 /* fix_xcode_project.py */,
				0EA62C932F7D73C200376C27 /* LICENSE */,
				0EA62C942F7D73C200376C27 /* Makefile */,
				0EA62C992F7D73C200376C27 /* manual_test.txt */,
				0EA62CA62F7D73C300376C27 /* obj */,
				0EA62CC52F7D73C300376C27 /* publish_release.sh */,
				0EA62C952F7D73C200376C27 /* quick_ai_test.sh */,
				0EA62C9D2F7D73C200376C27 /* quick_github_setup.sh */,
				0EA62C982F7D73C200376C27 /* quick_test.sh */,
				0EA62CB42F7D73C300376C27 /* README.md */,
				0EA62C972F7D73C200376C27 /* RELEASE_BILINGUAL.md */,
				0EA62CA12F7D73C200376C27 /* RELEASE_CN.md */,
				0EA62CB72F7D73C300376C27 /* RELEASE_EN.md */,
				0EA62CB62F7D73C300376C27 /* release_notes.md */,
				0EA62C692F7D73C200376C27 /* resources */,
				0EA62CBA2F7D73C300376C27 /* setup_github.sh */,
				0EA62CBC2F7D73C300376C27 /* simple_release.md */,
				0EA62C7C2F7D73C200376C27 /* src */,
				0EA62CB82F7D73C300376C27 /* test_ai_integration.bin */,
				0EA62CAF2F7D73C300376C27 /* test_ai_parse */,
				0EA62CA22F7D73C200376C27 /* test_binary.bin */,
				0EA62CA42F7D73C300376C27 /* test_crypto */,
				0EA62C682F7D73C200376C27 /* test_debug_input.txt */,
				0EA62CB92F7D73C300376C27 /* test_file.bin */,
				0EA62C922F7D73C200376C27 /* test_input.txt */,
				0EA62CA52F7D73C300376C27 /* test_nlp */,
				0EA62CBD2F7D73C300376C27 /* test_our_https */,
				0EA62C9E2F7D73C200376C27 /* test_simple_tls */,
				0EA62CA02F7D73C200376C27 /* test_tcp */,
				0EA62CBB2F7D73C300376C27 /* test_tls_basic */,
				0EA62C9A2F7D73C200376C27 /* tools */,
				0EA62C962F7D73C200376C27 /* update_release.py */,
				0EA62C1F2F7CF52500376C27 /* Products */,
			);
			sourceTree = "<group>";
		};
		0EA62C1F2F7CF52500376C27 /* Products */ = {
			isa = PBXGroup;
			children = (
				0EA62C1E2F7CF52500376C27 /* binary */,
			);
			name = Products;
			sourceTree = "<group>";
		};
		0EA62C692F7D73C200376C27 /* resources */ = {
			isa = PBXGroup;
			children = (
				0EA62C6A2F7D73C200376C27 /* tools */,
				0EA62C6B2F7D73C200376C27 /* specifications */,
				0EA62C6C2F7D73C200376C27 /* architectures */,
				0EA62C702F7D73C200376C27 /* README.md */,
				0EA62C712F7D73C200376C27 /* examples */,
				0EA62C762F7D73C200376C27 /* templates */,
				0EA62C772F7D73C200376C27 /* interfaces */,
			);
			path = resources;
			sourceTree = "<group>";
		};
		0EA62C6A2F7D73C200376C27 /* tools */ = {
			isa = PBXGroup;
			children = (
			);
			path = tools;
			sourceTree = "<group>";
		};
		0EA62C6B2F7D73C200376C27 /* specifications */ = {
			isa = PBXGroup;
			children = (
			);
			path = specifications;
			sourceTree = "<group>";
		};
		0EA62C6C2F7D73C200376C27 /* architectures */ = {
			isa = PBXGroup;
			children = (
				0EA62C6D2F7D73C200376C27 /* README.md */,
				0EA62C6E2F7D73C200376C27 /* x86_64 */,
			);
			path = architectures;
			sourceTree = "<group>";
		};
		0EA62C6E2F7D73C200376C27 /* x86_64 */ = {
			isa = PBXGroup;
			children = (
				0EA62C6F2F7D73C200376C27 /* overview.md */,
			);
			path = x86_64;
			sourceTree = "<group>";
		};
		0EA62C712F7D73C200376C27 /* examples */ = {
			isa = PBXGroup;
			children = (
				0EA62C722F7D73C200376C27 /* boot_sector */,
			);
			path = examples;
			sourceTree = "<group>";
		};
		0EA62C722F7D73C200376C27 /* boot_sector */ = {
			isa = PBXGroup;
			children = (
				0EA62C732F7D73C200376C27 /* hello_world.asm */,
				0EA62C742F7D73C200376C27 /* build.sh */,
				0EA62C752F7D73C200376C27 /* boot.bin */,
			);
			path = boot_sector;
			sourceTree = "<group>";
		};
		0EA62C762F7D73C200376C27 /* templates */ = {
			isa = PBXGroup;
			children = (
			);
			path = templates;
			sourceTree = "<group>";
		};
		0EA62C772F7D73C200376C27 /* interfaces */ = {
			isa = PBXGroup;
			children = (
				0EA62C782F7D73C200376C27 /* README.md */,
				0EA62C792F7D73C200376C27 /* linux */,
			);
			path = interfaces;
			sourceTree = "<group>";
		};
		0EA62C792F7D73C200376C27 /* linux */ = {
			isa = PBXGroup;
			children = (
				0EA62C7A2F7D73C200376C27 /* syscalls */,
			);
			path = linux;
			sourceTree = "<group>";
		};
		0EA62C7A2F7D73C200376C27 /* syscalls */ = {
			isa = PBXGroup;
			children = (
				0EA62C7B2F7D73C200376C27 /* syscalls_x86_64.md */,
			);
			path = syscalls;
			sourceTree = "<group>";
		};
		0EA62C7C2F7D73C200376C27 /* src */ = {
			isa = PBXGroup;
			children = (
				0EA62C7D2F7D73C200376C27 /* crypto */,
				0EA62C812F7D73C200376C27 /* core */,
				0EA62C842F7D73C200376C27 /* network */,
				0EA62C872F7D73C200376C27 /* ai */,
				0EA62C8E2F7D73C200376C27 /* main */,
			);
			path = src;
			sourceTree = "<group>";
		};
		0EA62C7D2F7D73C200376C27 /* crypto */ = {
			isa = PBXGroup;
			children = (
				0EA62C7E2F7D73C200376C27 /* aes_simple.c */,
				0EA62C7F2F7D73C200376C27 /* sha256_impl.c */,
				0EA62C802F7D73C200376C27 /* tls_prf.c */,
			);
			path = crypto;
			sourceTree = "<group>";
		};
		0EA62C812F7D73C200376C27 /* core */ = {
			isa = PBXGroup;
			children = (
				0EA62C822F7D73C200376C27 /* hex_editor.h */,
				0EA62C832F7D73C200376C27 /* hex_editor.c */,
			);
			path = core;
			sourceTree = "<group>";
		};
		0EA62C842F7D73C200376C27 /* network */ = {
			isa = PBXGroup;
			children = (
				0EA62C852F7D73C200376C27 /* simple_tls.c */,
				0EA62C862F7D73C200376C27 /* mini_tls.h */,
			);
			path = network;
			sourceTree = "<group>";
		};
		0EA62C872F7D73C200376C27 /* ai */ = {
			isa = PBXGroup;
			children = (
				0EA62C882F7D73C200376C27 /* ai_interface.c */,
				0EA62C892F7D73C200376C27 /* ai_tcp.c */,
				0EA62C8A2F7D73C200376C27 /* ai_integration.h */,
				0EA62C8B2F7D73C200376C27 /* ai_interface.h */,
				0EA62C8C2F7D73C200376C27 /* ai_proxy.c */,
				0EA62C8D2F7D73C200376C27 /* ai_integration.c */,
			);
			path = ai;
			sourceTree = "<group>";
		};
		0EA62C8E2F7D73C200376C27 /* main */ = {
			isa = PBXGroup;
			children = (
				0EA62C8F2F7D73C200376C27 /* ai_main.c */,
				0EA62C902F7D73C200376C27 /* ai_main_new.c */,
				0EA62C912F7D73C200376C27 /* main.c */,
			);
			path = main;
			sourceTree = "<group>";
		};
		0EA62C9A2F7D73C200376C27 /* tools */ = {
			isa = PBXGroup;
			children = (
				0EA62C9B2F7D73C200376C27 /* proxy_server.py */,
			);
			path = tools;
			sourceTree = "<group>";
		};
		0EA62CA62F7D73C300376C27 /* obj */ = {
			isa = PBXGroup;
			children = (
				0EA62CA72F7D73C300376C27 /* core */,
				0EA62CA92F7D73C300376C27 /* ai */,
				0EA62CAD2F7D73C300376C27 /* main */,
			);
			path = obj;
			sourceTree = "<group>";
		};
		0EA62CA72F7D73C300376C27 /* core */ = {
			isa = PBXGroup;
			children = (
				0EA62CA82F7D73C300376C27 /* hex_editor.o */,
			);
			path = core;
			sourceTree = "<group>";
		};
		0EA62CA92F7D73C300376C27 /* ai */ = {
			isa = PBXGroup;
			children = (
				0EA62CAA2F7D73C300376C27 /* ai_proxy.o */,
				0EA62CAB2F7D73C300376C27 /* ai_integration.o */,
				0EA62CAC2F7D73C300376C27 /* ai_tcp.o */,
			);
			path = ai;
			sourceTree = "<group>";
		};
		0EA62CAD2F7D73C300376C27 /* main */ = {
			isa = PBXGroup;
			children = (
				0EA62CAE2F7D73C300376C27 /* ai_main_new.o */,
			);
			path = main;
			sourceTree = "<group>";
		};
		0EA62CB22F7D73C300376C27 /* examples */ = {
			isa = PBXGroup;
			children = (
				0EA62CB32F7D73C300376C27 /* test.bin */,
			);
			path = examples;
			sourceTree = "<group>";
		};
		0EA62CBE2F7D73C300376C27 /* docs */ = {
			isa = PBXGroup;
			children = (
				0EA62CBF2F7D73C300376C27 /* PROJECT_SUMMARY.md */,
				0EA62CC02F7D73C300376C27 /* PROJECT_STRUCTURE.md */,
				0EA62CC12F7D73C300376C27 /* AI_INTEGRATION.md */,
				0EA62CC22F7D73C300376C27 /* README.md */,
				0EA62CC32F7D73C300376C27 /* TECHNICAL_DOCUMENTATION.md */,
				0EA62CC42F7D73C300376C27 /* AI_USAGE.md */,
			);
			path = docs;
			sourceTree = "<group>";
		};
/* End PBXGroup section */

/* Begin PBXNativeTarget section */
		0EA62C1D2F7CF52500376C27 /* binary */ = {
			isa = PBXNativeTarget;
			buildConfigurationList = 0EA62C252F7CF52500376C27 /* Build configuration list for PBXNativeTarget "binary" */;
			buildPhases = (
				0EA62C1A2F7CF52500376C27 /* Sources */,
				0EA62C1B2F7CF52500376C27 /* Frameworks */,
				0EA62C1C2F7CF52500376C27 /* CopyFiles */,
			);
			buildRules = (
			);
			dependencies = (
			);
			name = binary;
			productName = binary;
			productReference = 0EA62C1E2F7CF52500376C27 /* binary */;
			productType = "com.apple.product-type.tool";
		};
/* End PBXNativeTarget section */

/* Begin PBXProject section */
		0EA62C162F7CF52500376C27 /* Project object */ = {
			isa = PBXProject;
			attributes = {
				BuildIndependentTargetsInParallel = 1;
				LastUpgradeCheck = 1520;
				TargetAttributes = {
					0EA62C1D2F7CF52500376C27 = {
						CreatedOnToolsVersion = 15.2;
					};
				};
			};
			buildConfigurationList = 0EA62C192F7CF52500376C27 /* Build configuration list for PBXProject "binary" */;
			compatibilityVersion = "Xcode 14.0";
			developmentRegion = en;
			hasScannedForEncodings = 0;
			knownRegions = (
				en,
				Base,
			);
			mainGroup = 0EA62C152F7CF52500376C27;
			productRefGroup = 0EA62C1F2F7CF52500376C27 /* Products */;
			projectDirPath = "";
			projectRoot = "";
			targets = (
				0EA62C1D2F7CF52500376C27 /* binary */,
			);
		};
/* End PBXProject section */

/* Begin PBXSourcesBuildPhase section */
		0EA62C1A2F7CF52500376C27 /* Sources */ = {
			isa = PBXSourcesBuildPhase;
			buildActionMask = 2147483647;
			files = (
				0EA62CD32F7D73C400376C27 /* main.c in Sources */,
				0EA62CCB2F7D73C300376C27 /* hex_editor.c in Sources */,
				0EA62CD22F7D73C400376C27 /* ai_main_new.c in Sources */,
				0EA62CCE2F7D73C400376C27 /* ai_tcp.c in Sources */,
				0EA62CD02F7D73C400376C27 /* ai_integration.c in Sources */,
				0EA62CCA2F7D73C300376C27 /* tls_prf.c in Sources */,
				0EA62CC92F7D73C300376C27 /* sha256_impl.c in Sources */,
				0EA62CCF2F7D73C400376C27 /* ai_proxy.c in Sources */,
				0EA62CC72F7D73C300376C27 /* hello_world.asm in Sources */,
				0EA62CC82F7D73C300376C27 /* aes_simple.c in Sources */,
				0EA62CCC2F7D73C300376C27 /* simple_tls.c in Sources */,
				0EA62CD12F7D73C400376C27 /* ai_main.c in Sources */,
				0EA62CD42F7D73C400376C27 /* Makefile in Sources */,
				0EA62CCD2F7D73C300376C27 /* ai_interface.c in Sources */,
			);
			runOnlyForDeploymentPostprocessing = 0;
		};
/* End PBXSourcesBuildPhase section */

/* Begin XCBuildConfiguration section */
		0EA62C232F7CF52500376C27 /* Debug */ = {
			isa = XCBuildConfiguration;
			buildSettings = {
				ALWAYS_SEARCH_USER_PATHS = NO;
				ASSETCATALOG_COMPILER_GENERATE_SWIFT_ASSET_SYMBOL_EXTENSIONS = YES;
				CLANG_ANALYZER_NONNULL = YES;
				CLANG_ANALYZER_NUMBER_OBJECT_CONVERSION = YES_AGGRESSIVE;
				CLANG_CXX_LANGUAGE_STANDARD = "gnu++20";
				CLANG_ENABLE_MODULES = YES;
				CLANG_ENABLE_OBJC_ARC = YES;
				CLANG_ENABLE_OBJC_WEAK = YES;
				CLANG_WARN_BLOCK_CAPTURE_AUTORELEASING = YES;
				CLANG_WARN_BOOL_CONVERSION = YES;
				CLANG_WARN_COMMA = YES;
				CLANG_WARN_CONSTANT_CONVERSION = YES;
				CLANG_WARN_DEPRECATED_OBJC_IMPLEMENTATIONS = YES;
				CLANG_WARN_DIRECT_OBJC_ISA_USAGE = YES_ERROR;
				CLANG_WARN_DOCUMENTATION_COMMENTS = YES;
				CLANG_WARN_EMPTY_BODY = YES;
				CLANG_WARN_ENUM_CONVERSION = YES;
				CLANG_WARN_INFINITE_RECURSION = YES;
				CLANG_WARN_INT_CONVERSION = YES;
				CLANG_WARN_NON_LITERAL_NULL_CONVERSION = YES;
				CLANG_WARN_OBJC_IMPLICIT_RETAIN_SELF = YES;
				CLANG_WARN_OBJC_LITERAL_CONVERSION = YES;
				CLANG_WARN_OBJC_ROOT_CLASS = YES_ERROR;
				CLANG_WARN_QUOTED_INCLUDE_IN_FRAMEWORK_HEADER = YES;
				CLANG_WARN_RANGE_LOOP_ANALYSIS = YES;
				CLANG_WARN_STRICT_PROTOTYPES = YES;
				CLANG_WARN_SUSPICIOUS_MOVE = YES;
				CLANG_WARN_UNGUARDED_AVAILABILITY = YES_AGGRESSIVE;
				CLANG_WARN_UNREACHABLE_CODE = YES;
				CLANG_WARN__DUPLICATE_METHOD_MATCH = YES;
				COPY_PHASE_STRIP = NO;
				DEBUG_INFORMATION_FORMAT = dwarf;
				ENABLE_STRICT_OBJC_MSGSEND = YES;
				ENABLE_TESTABILITY = YES;
				ENABLE_USER_SCRIPT_SANDBOXING = YES;
				GCC_C_LANGUAGE_STANDARD = gnu17;
				GCC_DYNAMIC_NO_PIC = NO;
				GCC_NO_COMMON_BLOCKS = YES;
				GCC_OPTIMIZATION_LEVEL = 0;
				GCC_PREPROCESSOR_DEFINITIONS = (
					"DEBUG=1",
					"$(inherited)",
				);
				GCC_WARN_64_TO_32_BIT_CONVERSION = YES;
				GCC_WARN_ABOUT_RETURN_TYPE = YES_ERROR;
				GCC_WARN_UNDECLARED_SELECTOR = YES;
				GCC_WARN_UNINITIALIZED_AUTOS = YES_AGGRESSIVE;
				GCC_WARN_UNUSED_FUNCTION = YES;
				GCC_WARN_UNUSED_VARIABLE = YES;
				LOCALIZATION_PREFERS_STRING_CATALOGS = YES;
				MACOSX_DEPLOYMENT_TARGET = 13.7;
				MTL_ENABLE_DEBUG_INFO = INCLUDE_SOURCE;
				MTL_FAST_MATH = YES;
				ONLY_ACTIVE_ARCH = YES;
				SDKROOT = macosx;
			};
			name = Debug;
		};
		0EA62C242F7CF52500376C27 /* Release */ = {
			isa = XCBuildConfiguration;
			buildSettings = {
				ALWAYS_SEARCH_USER_PATHS = NO;
				ASSETCATALOG_COMPILER_GENERATE_SWIFT_ASSET_SYMBOL_EXTENSIONS = YES;
				CLANG_ANALYZER_NONNULL = YES;
				CLANG_ANALYZER_NUMBER_OBJECT_CONVERSION = YES_AGGRESSIVE;
				CLANG_CXX_LANGUAGE_STANDARD = "gnu++20";
				CLANG_ENABLE_MODULES = YES;
				CLANG_ENABLE_OBJC_ARC = YES;
				CLANG_ENABLE_OBJC_WEAK = YES;
				CLANG_WARN_BLOCK_CAPTURE_AUTORELEASING = YES;
				CLANG_WARN_BOOL_CONVERSION = YES;
				CLANG_WARN_COMMA = YES;
				CLANG_WARN_CONSTANT_CONVERSION = YES;
				CLANG_WARN_DEPRECATED_OBJC_IMPLEMENTATIONS = YES;
				CLANG_WARN_DIRECT_OBJC_ISA_USAGE = YES_ERROR;
				CLANG_WARN_DOCUMENTATION_COMMENTS = YES;
				CLANG_WARN_EMPTY_BODY = YES;
				CLANG_WARN_ENUM_CONVERSION = YES;
				CLANG_WARN_INFINITE_RECURSION = YES;
				CLANG_WARN_INT_CONVERSION = YES;
				CLANG_WARN_NON_LITERAL_NULL_CONVERSION = YES;
				CLANG_WARN_OBJC_IMPLICIT_RETAIN_SELF = YES;
				CLANG_WARN_OBJC_LITERAL_CONVERSION = YES;
				CLANG_WARN_OBJC_ROOT_CLASS = YES_ERROR;
				CLANG_WARN_QUOTED_INCLUDE_IN_FRAMEWORK_HEADER = YES;
				CLANG_WARN_RANGE_LOOP_ANALYSIS = YES;
				CLANG_WARN_STRICT_PROTOTYPES = YES;
				CLANG_WARN_SUSPICIOUS_MOVE = YES;
				CLANG_WARN_UNGUARDED_AVAILABILITY = YES_AGGRESSIVE;
				CLANG_WARN_UNREACHABLE_CODE = YES;
				CLANG_WARN__DUPLICATE_METHOD_MATCH = YES;
				COPY_PHASE_STRIP = NO;
				DEBUG_INFORMATION_FORMAT = "dwarf-with-dsym";
				ENABLE_NS_ASSERTIONS = NO;
				ENABLE_STRICT_OBJC_MSGSEND = YES;
				ENABLE_USER_SCRIPT_SANDBOXING = YES;
				GCC_C_LANGUAGE_STANDARD = gnu17;
				GCC_NO_COMMON_BLOCKS = YES;
				GCC_WARN_64_TO_32_BIT_CONVERSION = YES;
				GCC_WARN_ABOUT_RETURN_TYPE = YES_ERROR;
				GCC_WARN_UNDECLARED_SELECTOR = YES;
				GCC_WARN_UNINITIALIZED_AUTOS = YES_AGGRESSIVE;
				GCC_WARN_UNUSED_FUNCTION = YES;
				GCC_WARN_UNUSED_VARIABLE = YES;
				LOCALIZATION_PREFERS_STRING_CATALOGS = YES;
				MACOSX_DEPLOYMENT_TARGET = 13.7;
				MTL_ENABLE_DEBUG_INFO = NO;
				MTL_FAST_MATH = YES;
				SDKROOT = macosx;
			};
			name = Release;
		};
		0EA62C262F7CF52500376C27 /* Debug */ = {
			isa = XCBuildConfiguration;
			buildSettings = {
				CODE_SIGN_STYLE = Automatic;
				DEVELOPMENT_TEAM = 7RYRLWCBWE;
				ENABLE_HARDENED_RUNTIME = YES;
				PRODUCT_NAME = "$(TARGET_NAME)";
			};
			name = Debug;
		};
		0EA62C272F7CF52500376C27 /* Release */ = {
			isa = XCBuildConfiguration;
			buildSettings = {
				CODE_SIGN_STYLE = Automatic;
				DEVELOPMENT_TEAM = 7RYRLWCBWE;
				ENABLE_HARDENED_RUNTIME = YES;
				PRODUCT_NAME = "$(TARGET_NAME)";
			};
			name = Release;
		};
/* End XCBuildConfiguration section */

/* Begin XCConfigurationList section */
		0EA62C192F7CF52500376C27 /* Build configuration list for PBXProject "binary" */ = {
			isa = XCConfigurationList;
			buildConfigurations = (
				0EA62C232F7CF52500376C27 /* Debug */,
				0EA62C242F7CF52500376C27 /* Release */,
			);
			defaultConfigurationIsVisible = 0;
			defaultConfigurationName = Release;
		};
		0EA62C252F7CF52500376C27 /* Build configuration list for PBXNativeTarget "binary" */ = {
			isa = XCConfigurationList;
			buildConfigurations = (
				0EA62C262F7CF52500376C27 /* Debug */,
				0EA62C272F7CF52500376C27 /* Release */,
			);
			defaultConfigurationIsVisible = 0;
			defaultConfigurationName = Release;
		};
/* End XCConfigurationList section */
	};
	rootObject = 0EA62C162F7CF52500376C27 /* Project object */;
}
