// !$*UTF8*$!
{
	archiveVersion = 1;
	classes = {
	};
	objectVersion = 56;
	objects = {

/* Begin PBXBuildFile section */
		0EA62C222F7CF52500376C27 /* main.c in Sources */ = {isa = PBXBuildFile; fileRef = 0EA62C212F7CF52500376C27 /* main.c */; };
		0EA62C2A2F7CF72B00376C27 /* hex_editor.c in Sources */ = {isa = PBXBuildFile; fileRef = 0EA62C282F7CF72A00376C27 /* hex_editor.c */; };
		0EA62C2D2F7CFA0200376C27 /* ai_interface.c in Sources */ = {isa = PBXBuildFile; fileRef = 0EA62C2B2F7CFA0200376C27 /* ai_interface.c */; };
		0EA62C302F7D04BD00376C27 /* ai_integration.c in Sources */ = {isa = PBXBuildFile; fileRef = 0EA62C2F2F7D04BD00376C27 /* ai_integration.c */; };
		0EA62C322F7D0D3600376C27 /* ai_main.c in Sources */ = {isa = PBXBuildFile; fileRef = 0EA62C312F7D0D3600376C27 /* ai_main.c */; };
		0EA62C342F7D2F8600376C27 /* ai_tcp.c in Sources */ = {isa = PBXBuildFile; fileRef = 0EA62C332F7D2F8600376C27 /* ai_tcp.c */; };
		0EA62C362F7D2F9000376C27 /* ai_main_new.c in Sources */ = {isa = PBXBuildFile; fileRef = 0EA62C352F7D2F9000376C27 /* ai_main_new.c */; };
		0EA62C382F7D53F600376C27 /* aes_impl.c in Sources */ = {isa = PBXBuildFile; fileRef = 0EA62C372F7D53F600376C27 /* aes_impl.c */; };
		0EA62C3A2F7D53FD00376C27 /* aes_simple.c in Sources */ = {isa = PBXBuildFile; fileRef = 0EA62C392F7D53FD00376C27 /* aes_simple.c */; };
		0EA62C3C2F7D541200376C27 /* ai_proxy.c in Sources */ = {isa = PBXBuildFile; fileRef = 0EA62C3B2F7D541200376C27 /* ai_proxy.c */; };
		0EA62C3E2F7D542200376C27 /* mini_aes.c in Sources */ = {isa = PBXBuildFile; fileRef = 0EA62C3D2F7D542200376C27 /* mini_aes.c */; };
		0EA62C412F7D542F00376C27 /* sha256_impl.c in Sources */ = {isa = PBXBuildFile; fileRef = 0EA62C402F7D542F00376C27 /* sha256_impl.c */; };
		0EA62C432F7D543700376C27 /* simple_tls.c in Sources */ = {isa = PBXBuildFile; fileRef = 0EA62C422F7D543700376C27 /* simple_tls.c */; };
		0EA62C452F7D543C00376C27 /* tls_prf.c in Sources */ = {isa = PBXBuildFile; fileRef = 0EA62C442F7D543C00376C27 /* tls_prf.c */; };
/* End PBXBuildFile section */

/* Begin PBXCopyFilesBuildPhase section */
		0EA62C1C2F7CF52500376C27 /* CopyFiles */ = {
			isa = PBXCopyFilesBuildPhase;
			buildActionMask = 2147483647;
			dstPath = /usr/share/man/man1/;
			dstSubfolderSpec = 0;
			files = (
			);
			runOnlyForDeploymentPostprocessing = 1;
		};
/* End PBXCopyFilesBuildPhase section */

/* Begin PBXFileReference section */
		0EA62C1E2F7CF52500376C27 /* binary */ = {isa = PBXFileReference; explicitFileType = "compiled.mach-o.executable"; includeInIndex = 0; path = binary; sourceTree = BUILT_PRODUCTS_DIR; };
		0EA62C212F7CF52500376C27 /* main.c */ = {isa = PBXFileReference; lastKnownFileType = sourcecode.c.c; path = main.c; sourceTree = "<group>"; };
		0EA62C282F7CF72A00376C27 /* hex_editor.c */ = {isa = PBXFileReference; fileEncoding = 4; lastKnownFileType = sourcecode.c.c; path = hex_editor.c; sourceTree = "<group>"; };
		0EA62C292F7CF72A00376C27 /* hex_editor.h */ = {isa = PBXFileReference; fileEncoding = 4; lastKnownFileType = sourcecode.c.h; path = hex_editor.h; sourceTree = "<group>"; };
		0EA62C2B2F7CFA0200376C27 /* ai_interface.c */ = {isa = PBXFileReference; fileEncoding = 4; lastKnownFileType = sourcecode.c.c; path = ai_interface.c; sourceTree = "<group>"; };
		0EA62C2C2F7CFA0200376C27 /* ai_interface.h */ = {isa = PBXFileReference; fileEncoding = 4; lastKnownFileType = sourcecode.c.h; path = ai_interface.h; sourceTree = "<group>"; };
		0EA62C2E2F7D04BD00376C27 /* ai_integration.h */ = {isa = PBXFileReference; fileEncoding = 4; lastKnownFileType = sourcecode.c.h; path = ai_integration.h; sourceTree = "<group>"; };
		0EA62C2F2F7D04BD00376C27 /* ai_integration.c */ = {isa = PBXFileReference; fileEncoding = 4; lastKnownFileType = sourcecode.c.c; path = ai_integration.c; sourceTree = "<group>"; };
		0EA62C312F7D0D3600376C27 /* ai_main.c */ = {isa = PBXFileReference; fileEncoding = 4; lastKnownFileType = sourcecode.c.c; path = ai_main.c; sourceTree = "<group>"; };
		0EA62C332F7D2F8600376C27 /* ai_tcp.c */ = {isa = PBXFileReference; fileEncoding = 4; lastKnownFileType = sourcecode.c.c; path = ai_tcp.c; sourceTree = "<group>"; };
		0EA62C352F7D2F9000376C27 /* ai_main_new.c */ = {isa = PBXFileReference; fileEncoding = 4; lastKnownFileType = sourcecode.c.c; path = ai_main_new.c; sourceTree = "<group>"; };
		0EA62C372F7D53F600376C27 /* aes_impl.c */ = {isa = PBXFileReference; fileEncoding = 4; lastKnownFileType = sourcecode.c.c; path = aes_impl.c; sourceTree = "<group>"; };
		0EA62C392F7D53FD00376C27 /* aes_simple.c */ = {isa = PBXFileReference; fileEncoding = 4; lastKnownFileType = sourcecode.c.c; path = aes_simple.c; sourceTree = "<group>"; };
		0EA62C3B2F7D541200376C27 /* ai_proxy.c */ = {isa = PBXFileReference; fileEncoding = 4; lastKnownFileType = sourcecode.c.c; path = ai_proxy.c; sourceTree = "<group>"; };
		0EA62C3D2F7D542200376C27 /* mini_aes.c */ = {isa = PBXFileReference; fileEncoding = 4; lastKnownFileType = sourcecode.c.c; path = mini_aes.c; sourceTree = "<group>"; };
		0EA62C3F2F7D542A00376C27 /* mini_tls.h */ = {isa = PBXFileReference; lastKnownFileType = sourcecode.c.h; path = mini_tls.h; sourceTree = "<group>"; };
		0EA62C402F7D542F00376C27 /* sha256_impl.c */ = {isa = PBXFileReference; fileEncoding = 4; lastKnownFileType = sourcecode.c.c; path = sha256_impl.c; sourceTree = "<group>"; };
		0EA62C422F7D543700376C27 /* simple_tls.c */ = {isa = PBXFileReference; fileEncoding = 4; lastKnownFileType = sourcecode.c.c; path = simple_tls.c; sourceTree = "<group>"; };
		0EA62C442F7D543C00376C27 /* tls_prf.c */ = {isa = PBXFileReference; fileEncoding = 4; lastKnownFileType = sourcecode.c.c; path = tls_prf.c; sourceTree = "<group>"; };
/* End PBXFileReference section */

/* Begin PBXFrameworksBuildPhase section */
		0EA62C1B2F7CF52500376C27 /* Frameworks */ = {
			isa = PBXFrameworksBuildPhase;
			buildActionMask = 2147483647;
			files = (
			);
			runOnlyForDeploymentPostprocessing = 0;
		};
/* End PBXFrameworksBuildPhase section */

/* Begin PBXGroup section */
		0EA62C152F7CF52500376C27 = {
			isa = PBXGroup;
			children = (
				0EA62C202F7CF52500376C27 /* binary */,
				0EA62C1F2F7CF52500376C27 /* Products */,
			);
			sourceTree = "<group>";
		};
		0EA62C1F2F7CF52500376C27 /* Products */ = {
			isa = PBXGroup;
			children = (
				0EA62C1E2F7CF52500376C27 /* binary */,
			);
			name = Products;
			sourceTree = "<group>";
		};
		0EA62C202F7CF52500376C27 /* binary */ = {
			isa = PBXGroup;
			children = (
				0EA62C2E2F7D04BD00376C27 /* ai_integration.h */,
				0EA62C2F2F7D04BD00376C27 /* ai_integration.c */,
				0EA62C2C2F7CFA0200376C27 /* ai_interface.h */,
				0EA62C2B2F7CFA0200376C27 /* ai_interface.c */,
				0EA62C292F7CF72A00376C27 /* hex_editor.h */,
				0EA62C282F7CF72A00376C27 /* hex_editor.c */,
				0EA62C312F7D0D3600376C27 /* ai_main.c */,
				0EA62C212F7CF52500376C27 /* main.c */,
				0EA62C332F7D2F8600376C27 /* ai_tcp.c */,
				0EA62C352F7D2F9000376C27 /* ai_main_new.c */,
				0EA62C372F7D53F600376C27 /* aes_impl.c */,
				0EA62C392F7D53FD00376C27 /* aes_simple.c */,
				0EA62C3B2F7D541200376C27 /* ai_proxy.c */,
				0EA62C3D2F7D542200376C27 /* mini_aes.c */,
				0EA62C3F2F7D542A00376C27 /* mini_tls.h */,
				0EA62C402F7D542F00376C27 /* sha256_impl.c */,
				0EA62C422F7D543700376C27 /* simple_tls.c */,
				0EA62C442F7D543C00376C27 /* tls_prf.c */,
			);
			path = binary;
			sourceTree = "<group>";
		};
/* End PBXGroup section */

/* Begin PBXNativeTarget section */
		0EA62C1D2F7CF52500376C27 /* binary */ = {
			isa = PBXNativeTarget;
			buildConfigurationList = 0EA62C252F7CF52500376C27 /* Build configuration list for PBXNativeTarget "binary" */;
			buildPhases = (
				0EA62C1A2F7CF52500376C27 /* Sources */,
				0EA62C1B2F7CF52500376C27 /* Frameworks */,
				0EA62C1C2F7CF52500376C27 /* CopyFiles */,
			);
			buildRules = (
			);
			dependencies = (
			);
			name = binary;
			productName = binary;
			productReference = 0EA62C1E2F7CF52500376C27 /* binary */;
			productType = "com.apple.product-type.tool";
		};
/* End PBXNativeTarget section */

/* Begin PBXProject section */
		0EA62C162F7CF52500376C27 /* Project object */ = {
			isa = PBXProject;
			attributes = {
				BuildIndependentTargetsInParallel = 1;
				LastUpgradeCheck = 1520;
				TargetAttributes = {
					0EA62C1D2F7CF52500376C27 = {
						CreatedOnToolsVersion = 15.2;
					};
				};
			};
			buildConfigurationList = 0EA62C192F7CF52500376C27 /* Build configuration list for PBXProject "binary" */;
			compatibilityVersion = "Xcode 14.0";
			developmentRegion = en;
			hasScannedForEncodings = 0;
			knownRegions = (
				en,
				Base,
			);
			mainGroup = 0EA62C152F7CF52500376C27;
			productRefGroup = 0EA62C1F2F7CF52500376C27 /* Products */;
			projectDirPath = "";
			projectRoot = "";
			targets = (
				0EA62C1D2F7CF52500376C27 /* binary */,
			);
		};
/* End PBXProject section */

/* Begin PBXSourcesBuildPhase section */
		0EA62C1A2F7CF52500376C27 /* Sources */ = {
			isa = PBXSourcesBuildPhase;
			buildActionMask = 2147483647;
			files = (
				0EA62C412F7D542F00376C27 /* sha256_impl.c in Sources */,
				0EA62C3E2F7D542200376C27 /* mini_aes.c in Sources */,
				0EA62C452F7D543C00376C27 /* tls_prf.c in Sources */,
				0EA62C2D2F7CFA0200376C27 /* ai_interface.c in Sources */,
				0EA62C362F7D2F9000376C27 /* ai_main_new.c in Sources */,
				0EA62C432F7D543700376C27 /* simple_tls.c in Sources */,
				0EA62C3A2F7D53FD00376C27 /* aes_simple.c in Sources */,
				0EA62C342F7D2F8600376C27 /* ai_tcp.c in Sources */,
				0EA62C3C2F7D541200376C27 /* ai_proxy.c in Sources */,
				0EA62C2A2F7CF72B00376C27 /* hex_editor.c in Sources */,
				0EA62C302F7D04BD00376C27 /* ai_integration.c in Sources */,
				0EA62C382F7D53F600376C27 /* aes_impl.c in Sources */,
				0EA62C222F7CF52500376C27 /* main.c in Sources */,
				0EA62C322F7D0D3600376C27 /* ai_main.c in Sources */,
			);
			runOnlyForDeploymentPostprocessing = 0;
		};
/* End PBXSourcesBuildPhase section */

/* Begin XCBuildConfiguration section */
		0EA62C232F7CF52500376C27 /* Debug */ = {
			isa = XCBuildConfiguration;
			buildSettings = {
				ALWAYS_SEARCH_USER_PATHS = NO;
				ASSETCATALOG_COMPILER_GENERATE_SWIFT_ASSET_SYMBOL_EXTENSIONS = YES;
				CLANG_ANALYZER_NONNULL = YES;
				CLANG_ANALYZER_NUMBER_OBJECT_CONVERSION = YES_AGGRESSIVE;
				CLANG_CXX_LANGUAGE_STANDARD = "gnu++20";
				CLANG_ENABLE_MODULES = YES;
				CLANG_ENABLE_OBJC_ARC = YES;
				CLANG_ENABLE_OBJC_WEAK = YES;
				CLANG_WARN_BLOCK_CAPTURE_AUTORELEASING = YES;
				CLANG_WARN_BOOL_CONVERSION = YES;
				CLANG_WARN_COMMA = YES;
				CLANG_WARN_CONSTANT_CONVERSION = YES;
				CLANG_WARN_DEPRECATED_OBJC_IMPLEMENTATIONS = YES;
				CLANG_WARN_DIRECT_OBJC_ISA_USAGE = YES_ERROR;
				CLANG_WARN_DOCUMENTATION_COMMENTS = YES;
				CLANG_WARN_EMPTY_BODY = YES;
				CLANG_WARN_ENUM_CONVERSION = YES;
				CLANG_WARN_INFINITE_RECURSION = YES;
				CLANG_WARN_INT_CONVERSION = YES;
				CLANG_WARN_NON_LITERAL_NULL_CONVERSION = YES;
				CLANG_WARN_OBJC_IMPLICIT_RETAIN_SELF = YES;
				CLANG_WARN_OBJC_LITERAL_CONVERSION = YES;
				CLANG_WARN_OBJC_ROOT_CLASS = YES_ERROR;
				CLANG_WARN_QUOTED_INCLUDE_IN_FRAMEWORK_HEADER = YES;
				CLANG_WARN_RANGE_LOOP_ANALYSIS = YES;
				CLANG_WARN_STRICT_PROTOTYPES = YES;
				CLANG_WARN_SUSPICIOUS_MOVE = YES;
				CLANG_WARN_UNGUARDED_AVAILABILITY = YES_AGGRESSIVE;
				CLANG_WARN_UNREACHABLE_CODE = YES;
				CLANG_WARN__DUPLICATE_METHOD_MATCH = YES;
				COPY_PHASE_STRIP = NO;
				DEBUG_INFORMATION_FORMAT = dwarf;
				ENABLE_STRICT_OBJC_MSGSEND = YES;
				ENABLE_TESTABILITY = YES;
				ENABLE_USER_SCRIPT_SANDBOXING = YES;
				GCC_C_LANGUAGE_STANDARD = gnu17;
				GCC_DYNAMIC_NO_PIC = NO;
				GCC_NO_COMMON_BLOCKS = YES;
				GCC_OPTIMIZATION_LEVEL = 0;
				GCC_PREPROCESSOR_DEFINITIONS = (
					"DEBUG=1",
					"$(inherited)",
				);
				GCC_WARN_64_TO_32_BIT_CONVERSION = YES;
				GCC_WARN_ABOUT_RETURN_TYPE = YES_ERROR;
				GCC_WARN_UNDECLARED_SELECTOR = YES;
				GCC_WARN_UNINITIALIZED_AUTOS = YES_AGGRESSIVE;
				GCC_WARN_UNUSED_FUNCTION = YES;
				GCC_WARN_UNUSED_VARIABLE = YES;
				LOCALIZATION_PREFERS_STRING_CATALOGS = YES;
				MACOSX_DEPLOYMENT_TARGET = 13.7;
				MTL_ENABLE_DEBUG_INFO = INCLUDE_SOURCE;
				MTL_FAST_MATH = YES;
				ONLY_ACTIVE_ARCH = YES;
				SDKROOT = macosx;
			};
			name = Debug;
		};
		0EA62C242F7CF52500376C27 /* Release */ = {
			isa = XCBuildConfiguration;
			buildSettings = {
				ALWAYS_SEARCH_USER_PATHS = NO;
				ASSETCATALOG_COMPILER_GENERATE_SWIFT_ASSET_SYMBOL_EXTENSIONS = YES;
				CLANG_ANALYZER_NONNULL = YES;
				CLANG_ANALYZER_NUMBER_OBJECT_CONVERSION = YES_AGGRESSIVE;
				CLANG_CXX_LANGUAGE_STANDARD = "gnu++20";
				CLANG_ENABLE_MODULES = YES;
				CLANG_ENABLE_OBJC_ARC = YES;
				CLANG_ENABLE_OBJC_WEAK = YES;
				CLANG_WARN_BLOCK_CAPTURE_AUTORELEASING = YES;
				CLANG_WARN_BOOL_CONVERSION = YES;
				CLANG_WARN_COMMA = YES;
				CLANG_WARN_CONSTANT_CONVERSION = YES;
				CLANG_WARN_DEPRECATED_OBJC_IMPLEMENTATIONS = YES;
				CLANG_WARN_DIRECT_OBJC_ISA_USAGE = YES_ERROR;
				CLANG_WARN_DOCUMENTATION_COMMENTS = YES;
				CLANG_WARN_EMPTY_BODY = YES;
				CLANG_WARN_ENUM_CONVERSION = YES;
				CLANG_WARN_INFINITE_RECURSION = YES;
				CLANG_WARN_INT_CONVERSION = YES;
				CLANG_WARN_NON_LITERAL_NULL_CONVERSION = YES;
				CLANG_WARN_OBJC_IMPLICIT_RETAIN_SELF = YES;
				CLANG_WARN_OBJC_LITERAL_CONVERSION = YES;
				CLANG_WARN_OBJC_ROOT_CLASS = YES_ERROR;
				CLANG_WARN_QUOTED_INCLUDE_IN_FRAMEWORK_HEADER = YES;
				CLANG_WARN_RANGE_LOOP_ANALYSIS = YES;
				CLANG_WARN_STRICT_PROTOTYPES = YES;
				CLANG_WARN_SUSPICIOUS_MOVE = YES;
				CLANG_WARN_UNGUARDED_AVAILABILITY = YES_AGGRESSIVE;
				CLANG_WARN_UNREACHABLE_CODE = YES;
				CLANG_WARN__DUPLICATE_METHOD_MATCH = YES;
				COPY_PHASE_STRIP = NO;
				DEBUG_INFORMATION_FORMAT = "dwarf-with-dsym";
				ENABLE_NS_ASSERTIONS = NO;
				ENABLE_STRICT_OBJC_MSGSEND = YES;
				ENABLE_USER_SCRIPT_SANDBOXING = YES;
				GCC_C_LANGUAGE_STANDARD = gnu17;
				GCC_NO_COMMON_BLOCKS = YES;
				GCC_WARN_64_TO_32_BIT_CONVERSION = YES;
				GCC_WARN_ABOUT_RETURN_TYPE = YES_ERROR;
				GCC_WARN_UNDECLARED_SELECTOR = YES;
				GCC_WARN_UNINITIALIZED_AUTOS = YES_AGGRESSIVE;
				GCC_WARN_UNUSED_FUNCTION = YES;
				GCC_WARN_UNUSED_VARIABLE = YES;
				LOCALIZATION_PREFERS_STRING_CATALOGS = YES;
				MACOSX_DEPLOYMENT_TARGET = 13.7;
				MTL_ENABLE_DEBUG_INFO = NO;
				MTL_FAST_MATH = YES;
				SDKROOT = macosx;
			};
			name = Release;
		};
		0EA62C262F7CF52500376C27 /* Debug */ = {
			isa = XCBuildConfiguration;
			buildSettings = {
				CODE_SIGN_STYLE = Automatic;
				DEVELOPMENT_TEAM = 7RYRLWCBWE;
				ENABLE_HARDENED_RUNTIME = YES;
				PRODUCT_NAME = "$(TARGET_NAME)";
			};
			name = Debug;
		};
		0EA62C272F7CF52500376C27 /* Release */ = {
			isa = XCBuildConfiguration;
			buildSettings = {
				CODE_SIGN_STYLE = Automatic;
				DEVELOPMENT_TEAM = 7RYRLWCBWE;
				ENABLE_HARDENED_RUNTIME = YES;
				PRODUCT_NAME = "$(TARGET_NAME)";
			};
			name = Release;
		};
/* End XCBuildConfiguration section */

/* Begin XCConfigurationList section */
		0EA62C192F7CF52500376C27 /* Build configuration list for PBXProject "binary" */ = {
			isa = XCConfigurationList;
			buildConfigurations = (
				0EA62C232F7CF52500376C27 /* Debug */,
				0EA62C242F7CF52500376C27 /* Release */,
			);
			defaultConfigurationIsVisible = 0;
			defaultConfigurationName = Release;
		};
		0EA62C252F7CF52500376C27 /* Build configuration list for PBXNativeTarget "binary" */ = {
			isa = XCConfigurationList;
			buildConfigurations = (
				0EA62C262F7CF52500376C27 /* Debug */,
				0EA62C272F7CF52500376C27 /* Release */,
			);
			defaultConfigurationIsVisible = 0;
			defaultConfigurationName = Release;
		};
/* End XCConfigurationList section */
	};
	rootObject = 0EA62C162F7CF52500376C27 /* Project object */;
}
